lockfileVersion: '9.0'

settings:
  autoInstallPeers: false
  excludeLinksFromLockfile: false

importers:

  .:
    dependencies:
      '@dsh-external/dsh-mode-boost':
        specifier: link:@DSH_MODE_BOOST@
        version: link:@DSH_MODE_BOOST_REL@
      '@dsh-external/dsh-super-injector':
        specifier: link:@DSH_SUPER_INJECTOR@
        version: link:@DSH_SUPER_INJECTOR_REL@
      '@yejiming/dsh-data-agent':
        specifier: ^0.2.2
        version: 0.2.2
      '@yunxii/dsh-client-ui-skin-maid-whale-webui':
        specifier: ^0.1.1
        version: 0.1.1
      deepseek-manners:
        specifier: git+https://github.com/dsh-external/deepseek-manners.git
        version: git+ssh://git@github.com/dsh-external/deepseek-manners.git#32f58a8a008797a624f0f46367cb91fed9de5dee
      dsh-at-file:
        specifier: github:omdsh-dev/dsh-at-file
        version: git+ssh://git@github.com/omdsh-dev/dsh-at-file.git#da602d1a8f1b417b8a1d8d4059e0f4cb1c353524
      dsh-deepsec-guard:
        specifier: link:@DSH_DEEPSEC_GUARD@
        version: link:@DSH_DEEPSEC_GUARD_REL@
      dsh-deepsec-shield:
        specifier: link:@DSH_DEEPSEC_SHIELD@
        version: link:@DSH_DEEPSEC_SHIELD_REL@
      dsh-deepsec-spear:
        specifier: link:@DSH_DEEPSEC_SPEAR@
        version: link:@DSH_DEEPSEC_SPEAR_REL@
      dshmarket:
        specifier: ^1.66.8
        version: 1.66.8
      nxwatch:
        specifier: link:@DSH_NXWATCH@
        version: link:@DSH_NXWATCH_REL@

packages:

  '@clickhouse/client@1.23.1':
    resolution: {integrity: sha512-vs3/Zc1dHvT171btW5nMoPsPCJ6QVJ5pp7obxzO5sjqwFx/jjz9wwCAqcFOdc2DhprugDBaVn+4dVY8hG3A9nw==}
    engines: {node: '>=20'}

  '@dsh-std/composition@0.1.0-rc1':
    resolution: {integrity: sha512-sXZOjgicYfJNNhVu2erE8aExY/LFQuWJbdjDuNdCHe6DEvHOol2MdOxTyi4KeOEKPZmIMp8roA4OemTWo1Ak+w==}
    engines: {node: ^22.19 || >=24}

  '@dsh-std/core@0.1.0-rc1':
    resolution: {integrity: sha512-jzr2BpH0wQ+peq0ywA+QazjeO6hRpuXLKd4x3EupozUYzynVkXJzf07xk89c9DzO9yfB1WNh9T+LCGcpxRq8PA==}
    engines: {node: ^22.19 || >=24}

  '@dsh-std/lifecycle@0.1.0-rc1':
    resolution: {integrity: sha512-e13Atp+cnp/VaY44F2Cni9G3ki2OrvGLoHgGY91/gnq0B2tp587XmSqJvfK9VpeaIqW6WDJVqsHBigtml3Y40w==}
    engines: {node: ^22.19 || >=24}

  '@dsh-std/manifest@0.1.0-rc1':
    resolution: {integrity: sha512-u4iaXOg8N03tPZYgwPwtrzvy7zODdjriQYolS6SyfYFCo5ojZCsACCPK0NZxQgHTVnQVZr8XMBHt/+GvQ++xmg==}
    engines: {node: ^22.19 || >=24}

  '@dsh-std/sdk@0.1.0-rc1':
    resolution: {integrity: sha512-qWGGoJ5TZC8uckbpnFcg6mhXV3/YohPOoxCWVkoZPG/vRmmRUfAdG0l5Ci/XPljekHR9dko2747fhk81l6CBaw==}
    engines: {node: ^22.19 || >=24}

  '@standard-schema/spec@1.1.0':
    resolution: {integrity: sha512-l2aFy5jALhniG5HgqrD6jXLi/rUWrKvqN/qJx6yoJsgKhblVd+iqqU4RCXavm/jPityDo5TCvKMnpjKnOriy0w==}

  '@yejiming/dsh-data-agent@0.2.2':
    resolution: {integrity: sha512-gJRyrfDWZyqu2oxYWM++ZUGf9g16NbpLQ3XwVuEWYDFgfmHaNwqXnqcrlYhLuLptW53nBW+0OwK2/8nkjAROdQ==}
    peerDependencies:
      '@deepseek-ai/cordis': 4.0.4
      '@deepseek-ai/dsh-agent': '>=0.2.0-rc.1'
      '@deepseek-ai/dsh-agent-preset-registry': '>=0.2.0-rc.1'
      '@deepseek-ai/dsh-api-session-controller': '>=0.2.0-rc.1'
      '@deepseek-ai/dsh-client-locale': '>=0.2.0-rc.1'
      '@deepseek-ai/dsh-client-ui-agent-preset': '>=0.2.0-rc.1'
      '@deepseek-ai/dsh-client-ui-conversation': '>=0.2.0-rc.1'
      '@deepseek-ai/dsh-client-ui-primitives': '>=0.2.0-rc.1'
      '@deepseek-ai/dsh-client-ui-renderer': '>=0.2.0-rc.1'
      '@deepseek-ai/dsh-client-ui-session': '>=0.2.0-rc.1'
      '@deepseek-ai/dsh-client-ui-slots': '>=0.2.0-rc.1'
      '@deepseek-ai/dsh-client-ui-tool': '>=0.2.0-rc.1'
      '@deepseek-ai/dsh-client-ui-workspace': '>=0.2.0-rc.1'
      '@deepseek-ai/dsh-commands': '>=0.2.0-rc.1'
      '@deepseek-ai/dsh-credentials': '>=0.2.0-rc.1'
      '@deepseek-ai/dsh-host-webserver': '>=0.2.0-rc.1'
      '@deepseek-ai/dsh-invariants': '>=0.2.0-rc.1'
      '@deepseek-ai/dsh-llm': '>=0.2.0-rc.1'
      '@deepseek-ai/dsh-scope': '>=0.2.0-rc.1'
      '@deepseek-ai/dsh-session': '>=0.2.0-rc.1'
      '@deepseek-ai/dsh-storage': '>=0.2.0-rc.1'
      '@deepseek-ai/dsh-storage-domain': '>=0.2.0-rc.1'
      '@deepseek-ai/dsh-storage-json': '>=0.2.0-rc.1'
      '@deepseek-ai/dsh-subprocess': '>=0.2.0-rc.1'
      '@deepseek-ai/dsh-tools': '>=0.2.0-rc.1'
      '@deepseek-ai/dsh-user-questions': '>=0.2.0-rc.1'
      '@deepseek-ai/dsh-util-values': '>=0.2.0-rc.1'
      react: ^18.2.0 || ^19.0.0
    peerDependenciesMeta:
      '@deepseek-ai/dsh-api-session-controller':
        optional: true
      '@deepseek-ai/dsh-client-locale':
        optional: true
      '@deepseek-ai/dsh-client-ui-agent-preset':
        optional: true
      '@deepseek-ai/dsh-client-ui-conversation':
        optional: true
      '@deepseek-ai/dsh-client-ui-primitives':
        optional: true
      '@deepseek-ai/dsh-client-ui-renderer':
        optional: true
      '@deepseek-ai/dsh-client-ui-session':
        optional: true
      '@deepseek-ai/dsh-client-ui-slots':
        optional: true
      '@deepseek-ai/dsh-client-ui-tool':
        optional: true
      '@deepseek-ai/dsh-client-ui-workspace':
        optional: true
      '@deepseek-ai/dsh-host-webserver':
        optional: true
      '@deepseek-ai/dsh-user-questions':
        optional: true
      react:
        optional: true

  '@yunxii/dsh-client-ui-skin-maid-whale-webui@0.1.1':
    resolution: {integrity: sha512-dRzBXLICiWQZRff0Gz5X1CYyTTlnpxnT9/R61W6YvOlYssR2ke1Ydod+Ua+tylh+NlTgf5m94122m1xdhWUcGw==}
    engines: {node: '>=22.19'}
    peerDependencies:
      '@deepseek-ai/cordis': ^4.0.1

  argparse@2.0.1:
    resolution: {integrity: sha512-8+9WqebbFzpX9OR+Wa6O29asIogeRMzcGtAINdpMHHyAg10f05aSFVBbcEqGf/PXw1EjAZ+q2/bEBg3DvurK3Q==}

  cosmokit@1.8.1:
    resolution: {integrity: sha512-PDBv4l90xZKrUsZ0vtoycgZpO/j4iFsqJXrAxsyBDsnQRI7ZMJXIjgDJsKNjd5L8jnVnnlrDCdhkFbTncgCVjQ==}

  deepseek-manners@git+ssh://git@github.com/dsh-external/deepseek-manners.git#32f58a8a008797a624f0f46367cb91fed9de5dee:
    resolution: {commit: 32f58a8a008797a624f0f46367cb91fed9de5dee, repo: git@github.com:dsh-external/deepseek-manners.git, type: git}
    version: 0.1.0
    peerDependencies:
      '@deepseek-ai/cordis': ^4.0.0
      '@deepseek-ai/schemastery': ^3.0.0
      react: ^18.0.0

  dsh-at-file@git+ssh://git@github.com/omdsh-dev/dsh-at-file.git#da602d1a8f1b417b8a1d8d4059e0f4cb1c353524:
    resolution: {commit: da602d1a8f1b417b8a1d8d4059e0f4cb1c353524, repo: git@github.com:omdsh-dev/dsh-at-file.git, type: git}
    version: 0.7.0
    peerDependencies:
      '@deepseek-ai/cordis': ^4.0.1-rc.1
      '@deepseek-ai/dsh-agent': '*'
      '@deepseek-ai/dsh-api-remotes': '*'
      '@deepseek-ai/dsh-client-connection': '*'
      '@deepseek-ai/dsh-client-locale': '*'
      '@deepseek-ai/dsh-client-runtime': '*'
      '@deepseek-ai/dsh-client-store': '*'
      '@deepseek-ai/dsh-client-ui-conversation': '*'
      '@deepseek-ai/dsh-client-ui-input-trigger': '*'
      '@deepseek-ai/dsh-client-ui-settings': '*'
      '@deepseek-ai/dsh-client-ui-slots': '*'
      '@deepseek-ai/dsh-llm': '*'
      '@deepseek-ai/dsh-settings': '*'
      '@deepseek-ai/dsh-typert-protocol': '*'
      '@deepseek-ai/dsh-typert-registry': '*'
      react: ^18.2.0
    peerDependenciesMeta:
      '@deepseek-ai/cordis':
        optional: true
      '@deepseek-ai/dsh-agent':
        optional: true
      '@deepseek-ai/dsh-api-remotes':
        optional: true
      '@deepseek-ai/dsh-client-connection':
        optional: true
      '@deepseek-ai/dsh-client-locale':
        optional: true
      '@deepseek-ai/dsh-client-runtime':
        optional: true
      '@deepseek-ai/dsh-client-store':
        optional: true
      '@deepseek-ai/dsh-client-ui-conversation':
        optional: true
      '@deepseek-ai/dsh-client-ui-input-trigger':
        optional: true
      '@deepseek-ai/dsh-client-ui-settings':
        optional: true
      '@deepseek-ai/dsh-client-ui-slots':
        optional: true
      '@deepseek-ai/dsh-llm':
        optional: true
      '@deepseek-ai/dsh-settings':
        optional: true
      '@deepseek-ai/dsh-typert-protocol':
        optional: true
      '@deepseek-ai/dsh-typert-registry':
        optional: true
      react:
        optional: true

  dshmarket@1.66.8:
    resolution: {integrity: sha512-zOYCijI/du6qlcmUbx47aaUv6OM7Z/akIQ8n3f9Q2ihtV3U3sbRI5nG0guS+8npsb/vhA2turyEf9Yblg6LweQ==}
    peerDependencies:
      '@deepseek-ai/cordis': ^4.0.1
      '@deepseek-ai/dsh-settings': ^0.1.0-rc.7 || ^0.1.1-rc.2 || ^0.1.2-alpha.2 || ^0.2.0-rc.1
      '@deepseek-ai/schemastery': ^3.18.1
    peerDependenciesMeta:
      '@deepseek-ai/dsh-settings':
        optional: true
      '@deepseek-ai/schemastery':
        optional: true

  echarts@6.1.0:
    resolution: {integrity: sha512-q0yaFPggC9FUdsWH4blavRWFmxdrIodbkoKNAjJudAI6CA9gNPxHtV2RcZNEepZVlk4yvBYkOkbk6HIVpIyHZA==}

  fflate@0.8.3:
    resolution: {integrity: sha512-tbZNuJrLwGUp3zshBtdy4W+ORxZuIh8a5ilyIEQDC5rY1f3U20JMry0Ll3WBzU58EZKsEuJFXhb5gwv8CsPvgA==}

  js-yaml@4.3.1:
    resolution: {integrity: sha512-CY6crGq313MX8GkwvB7tzgp99vjQxY1++5y10/BKN/GUfHqWaOGQMNZkBvqSzsZKWk/ijwHlWzzkLulsGHhjWQ==}
    hasBin: true

  js-yaml@4.3.2:
    resolution: {integrity: sha512-SFNOvSJ+Dgf/9An904Yx+CgSlIPCkIpao4qo51lpee25TIRejdH3rhR4EZMGoNx3/TP3O+wzWuiTFl4sqbltzA==}
    hasBin: true

  schemastery@3.18.0:
    resolution: {integrity: sha512-Jw2uxjoyyqc/yeurmChUEc/jbi8GsrdXV/KmqRUDZXJAXAmrJiPsz8vKa17l/VckyzljHZ9oGaul443CQiXxtA==}

  tslib@2.3.0:
    resolution: {integrity: sha512-N82ooyxVNm6h1riLCoyS9e3fuJ3AMG2zIZs2Gd1ATcSFjSA23Q0fzjjZeh0jbJvWVDZ0cJT8yaNNaaXHzueNjg==}

  undici@7.30.0:
    resolution: {integrity: sha512-dkrQXeHSaoamnItlYbmzG0wFYrM0ZwDxCIg0A7aKjTyyhh9svRzCNFEzV+Vm05/yehjCzjDZ31KXfGEjYSztDQ==}
    engines: {node: '>=20.18.1'}

  zod@4.6.5:
    resolution: {integrity: sha512-v5l/aFXZQeai4awLbOpSoHecE9UiMrnfx75tEXLjNonXVARxQ5mOeipTjROUchszUNCqnE+hqAMujRsRHsut2Q==}

  zrender@6.1.0:
    resolution: {integrity: sha512-oEGMDB6pOP2S6OwRR4PdVv610zrjnA3Bh+JnSG12fYJlBKjtNAoEb5fSUoCOOINlH96I2fU38/A2UpRKs67xYQ==}

snapshots:

  '@clickhouse/client@1.23.1': {}

  '@dsh-std/composition@0.1.0-rc1':
    dependencies:
      '@dsh-std/core': 0.1.0-rc1
      '@dsh-std/manifest': 0.1.0-rc1

  '@dsh-std/core@0.1.0-rc1': {}

  '@dsh-std/lifecycle@0.1.0-rc1':
    dependencies:
      '@dsh-std/composition': 0.1.0-rc1
      '@dsh-std/core': 0.1.0-rc1
      '@dsh-std/manifest': 0.1.0-rc1

  '@dsh-std/manifest@0.1.0-rc1':
    dependencies:
      '@dsh-std/core': 0.1.0-rc1

  '@dsh-std/sdk@0.1.0-rc1':
    dependencies:
      '@dsh-std/core': 0.1.0-rc1
      '@dsh-std/lifecycle': 0.1.0-rc1

  '@standard-schema/spec@1.1.0': {}

  '@yejiming/dsh-data-agent@0.2.2':
    dependencies:
      '@clickhouse/client': 1.23.1
      '@dsh-std/sdk': 0.1.0-rc1
      echarts: 6.1.0
      fflate: 0.8.3
      js-yaml: 4.3.1
      schemastery: 3.18.0
      zod: 4.6.5

  '@yunxii/dsh-client-ui-skin-maid-whale-webui@0.1.1': {}

  argparse@2.0.1: {}

  cosmokit@1.8.1: {}

  deepseek-manners@git+ssh://git@github.com/dsh-external/deepseek-manners.git#32f58a8a008797a624f0f46367cb91fed9de5dee: {}

  dsh-at-file@git+ssh://git@github.com/omdsh-dev/dsh-at-file.git#da602d1a8f1b417b8a1d8d4059e0f4cb1c353524:
    dependencies:
      zod: 4.6.5

  dshmarket@1.66.8:
    dependencies:
      js-yaml: 4.3.2
      undici: 7.30.0

  echarts@6.1.0:
    dependencies:
      tslib: 2.3.0
      zrender: 6.1.0

  fflate@0.8.3: {}

  js-yaml@4.3.1:
    dependencies:
      argparse: 2.0.1

  js-yaml@4.3.2:
    dependencies:
      argparse: 2.0.1

  schemastery@3.18.0:
    dependencies:
      '@standard-schema/spec': 1.1.0
      cosmokit: 1.8.1

  tslib@2.3.0: {}

  undici@7.30.0: {}

  zod@4.6.5: {}

  zrender@6.1.0:
    dependencies:
      tslib: 2.3.0
